// !$*UTF8*$!
{
	archiveVersion = 1;
	classes = {};
	objectVersion = 56;
	objects = {
		D7A9A1632C05B21E6F8130B1 /* AppConfig.swift in */ = {isa = PBXBuildFile; fileRef = 1854165AE922632AE6CDDC4C /* AppConfig.swift */; };
		A3E674F708E2508ED7364375 /* TTFApp.swift in */ = {isa = PBXBuildFile; fileRef = 86EFD42CD039E0FD21624799 /* TTFApp.swift */; };
		6AAF2EF9839CBDB7DF3540C6 /* Metric.swift in */ = {isa = PBXBuildFile; fileRef = 044DAD3353A8C698DD2678F5 /* Metric.swift */; };
		43E02348956DA886BD8CC5EC /* Restaurant.swift in */ = {isa = PBXBuildFile; fileRef = 085525684DF196496448AB6D /* Restaurant.swift */; };
		6E84FFCB03E792A1A4150ABC /* Ttf.swift in */ = {isa = PBXBuildFile; fileRef = 8F91F393E2B0979FE7A59D0F /* Ttf.swift */; };
		4EB2D0CCD4FD6323BAEB383F /* UserProfile.swift in */ = {isa = PBXBuildFile; fileRef = 405DAA0CC3F315C2BDE2CA18 /* UserProfile.swift */; };
		9619083527E303B9644BC4B8 /* AuthViewModel.swift in */ = {isa = PBXBuildFile; fileRef = 7CE0AE08489BF9DCD42EACFC /* AuthViewModel.swift */; };
		478E5B8C7EFF84A89D0CA6AC /* MapViewModel.swift in */ = {isa = PBXBuildFile; fileRef = F6B6C129DF65FA8122ED036B /* MapViewModel.swift */; };
		D2C1CD9C4378FCAB72FE0DAA /* RateAttributesViewModel.swift in */ = {isa = PBXBuildFile; fileRef = B16C2F75F61C51D786622264 /* RateAttributesViewModel.swift */; };
		9E07CBD4DFB2A8DF715FB5CD /* RestaurantDetailViewModel.swift in */ = {isa = PBXBuildFile; fileRef = 2117AEB61B507E1155361031 /* RestaurantDetailViewModel.swift */; };
		F144CA8A6F171644E0FCBE09 /* RestaurantListViewModel.swift in */ = {isa = PBXBuildFile; fileRef = AC3B8FB7275F589B5F280D03 /* RestaurantListViewModel.swift */; };
		C70DE5102B8D8240E4B31E84 /* TtfSubmitViewModel.swift in */ = {isa = PBXBuildFile; fileRef = CB93F8C5FFA4078E8C9CC508 /* TtfSubmitViewModel.swift */; };
		51BC64DEB804E5CA7CEB24DD /* JSONCoding.swift in */ = {isa = PBXBuildFile; fileRef = 6B422513D89A4A695A21FDC3 /* JSONCoding.swift */; };
		A24CE519C698174DC1393787 /* TtfTier.swift in */ = {isa = PBXBuildFile; fileRef = 97747A23984C8733DD2B5C7D /* TtfTier.swift */; };
		9BCB4438A2B066F1DDF91279 /* APIClient.swift in */ = {isa = PBXBuildFile; fileRef = B19BE34BE8F96D4AC97D5AFB /* APIClient.swift */; };
		D8FCBCA491A0112CDDA4F7E4 /* APIError.swift in */ = {isa = PBXBuildFile; fileRef = 161E3189790826F8F4CCF88F /* APIError.swift */; };
		1CCFE07285CDE9E043090262 /* AuthService.swift in */ = {isa = PBXBuildFile; fileRef = EBB284BED5CDD9589E10FDBA /* AuthService.swift */; };
		4C175EDD41998FC29D55882F /* RootTabView.swift in */ = {isa = PBXBuildFile; fileRef = D77A691B71DFE07640A14540 /* RootTabView.swift */; };
		9C61E090BD5E23940EAAEFBC /* AccountView.swift in */ = {isa = PBXBuildFile; fileRef = 4D26FA4F099D835119454EA6 /* AccountView.swift */; };
		69CE65975F2851DC26896E97 /* SignInView.swift in */ = {isa = PBXBuildFile; fileRef = FCE5A472CB97ECF343837957 /* SignInView.swift */; };
		802F0CC2406F008B1DA17A2C /* TtfSubmitView.swift in */ = {isa = PBXBuildFile; fileRef = 180E6F0FA5CFC6350BEE2353 /* TtfSubmitView.swift */; };
		BA477DD96F2D41E0CA952099 /* RestaurantDetailView.swift in */ = {isa = PBXBuildFile; fileRef = 17FBE61EF29A29A5328FAE74 /* RestaurantDetailView.swift */; };
		83B320E7111AA85F4744FB07 /* RateAttributesView.swift in */ = {isa = PBXBuildFile; fileRef = 5D7DC14290C29DAFD0B30FFD /* RateAttributesView.swift */; };
		C6D377F351CDE5D68887B5D9 /* RestaurantListView.swift in */ = {isa = PBXBuildFile; fileRef = 1C3C7E02A42FFDAACD59FD0D /* RestaurantListView.swift */; };
		B4172C5F2DEB9B5400EF5DA5 /* RestaurantMapView.swift in */ = {isa = PBXBuildFile; fileRef = 419FBE07E97E4D52607090AF /* RestaurantMapView.swift */; };
		4746D3B734C1FA88E2A7A949 /* Assets.xcassets in */ = {isa = PBXBuildFile; fileRef = 3BE0B75760469F9CC6EAFE5E /* Assets.xcassets */; };
		CA3EAA72B9002AEBF4BAD846 /* Info.plist in */ = {isa = PBXBuildFile; fileRef = 95FE023DA4A31A0F8217714D /* Info.plist */; };
		1854165AE922632AE6CDDC4C /* AppConfig.swift */ = {isa = PBXFileReference; lastKnownFileType = sourcecode.swift; path = AppConfig.swift; sourceTree = "<group>"; };
		86EFD42CD039E0FD21624799 /* TTFApp.swift */ = {isa = PBXFileReference; lastKnownFileType = sourcecode.swift; path = TTFApp.swift; sourceTree = "<group>"; };
		044DAD3353A8C698DD2678F5 /* Metric.swift */ = {isa = PBXFileReference; lastKnownFileType = sourcecode.swift; path = Metric.swift; sourceTree = "<group>"; };
		085525684DF196496448AB6D /* Restaurant.swift */ = {isa = PBXFileReference; lastKnownFileType = sourcecode.swift; path = Restaurant.swift; sourceTree = "<group>"; };
		8F91F393E2B0979FE7A59D0F /* Ttf.swift */ = {isa = PBXFileReference; lastKnownFileType = sourcecode.swift; path = Ttf.swift; sourceTree = "<group>"; };
		405DAA0CC3F315C2BDE2CA18 /* UserProfile.swift */ = {isa = PBXFileReference; lastKnownFileType = sourcecode.swift; path = UserProfile.swift; sourceTree = "<group>"; };
		7CE0AE08489BF9DCD42EACFC /* AuthViewModel.swift */ = {isa = PBXFileReference; lastKnownFileType = sourcecode.swift; path = AuthViewModel.swift; sourceTree = "<group>"; };
		F6B6C129DF65FA8122ED036B /* MapViewModel.swift */ = {isa = PBXFileReference; lastKnownFileType = sourcecode.swift; path = MapViewModel.swift; sourceTree = "<group>"; };
		B16C2F75F61C51D786622264 /* RateAttributesViewModel.swift */ = {isa = PBXFileReference; lastKnownFileType = sourcecode.swift; path = RateAttributesViewModel.swift; sourceTree = "<group>"; };
		2117AEB61B507E1155361031 /* RestaurantDetailViewModel.swift */ = {isa = PBXFileReference; lastKnownFileType = sourcecode.swift; path = RestaurantDetailViewModel.swift; sourceTree = "<group>"; };
		AC3B8FB7275F589B5F280D03 /* RestaurantListViewModel.swift */ = {isa = PBXFileReference; lastKnownFileType = sourcecode.swift; path = RestaurantListViewModel.swift; sourceTree = "<group>"; };
		CB93F8C5FFA4078E8C9CC508 /* TtfSubmitViewModel.swift */ = {isa = PBXFileReference; lastKnownFileType = sourcecode.swift; path = TtfSubmitViewModel.swift; sourceTree = "<group>"; };
		6B422513D89A4A695A21FDC3 /* JSONCoding.swift */ = {isa = PBXFileReference; lastKnownFileType = sourcecode.swift; path = JSONCoding.swift; sourceTree = "<group>"; };
		97747A23984C8733DD2B5C7D /* TtfTier.swift */ = {isa = PBXFileReference; lastKnownFileType = sourcecode.swift; path = TtfTier.swift; sourceTree = "<group>"; };
		B19BE34BE8F96D4AC97D5AFB /* APIClient.swift */ = {isa = PBXFileReference; lastKnownFileType = sourcecode.swift; path = APIClient.swift; sourceTree = "<group>"; };
		161E3189790826F8F4CCF88F /* APIError.swift */ = {isa = PBXFileReference; lastKnownFileType = sourcecode.swift; path = APIError.swift; sourceTree = "<group>"; };
		EBB284BED5CDD9589E10FDBA /* AuthService.swift */ = {isa = PBXFileReference; lastKnownFileType = sourcecode.swift; path = AuthService.swift; sourceTree = "<group>"; };
		D77A691B71DFE07640A14540 /* RootTabView.swift */ = {isa = PBXFileReference; lastKnownFileType = sourcecode.swift; path = RootTabView.swift; sourceTree = "<group>"; };
		4D26FA4F099D835119454EA6 /* AccountView.swift */ = {isa = PBXFileReference; lastKnownFileType = sourcecode.swift; path = AccountView.swift; sourceTree = "<group>"; };
		FCE5A472CB97ECF343837957 /* SignInView.swift */ = {isa = PBXFileReference; lastKnownFileType = sourcecode.swift; path = SignInView.swift; sourceTree = "<group>"; };
		180E6F0FA5CFC6350BEE2353 /* TtfSubmitView.swift */ = {isa = PBXFileReference; lastKnownFileType = sourcecode.swift; path = TtfSubmitView.swift; sourceTree = "<group>"; };
		17FBE61EF29A29A5328FAE74 /* RestaurantDetailView.swift */ = {isa = PBXFileReference; lastKnownFileType = sourcecode.swift; path = RestaurantDetailView.swift; sourceTree = "<group>"; };
		5D7DC14290C29DAFD0B30FFD /* RateAttributesView.swift */ = {isa = PBXFileReference; lastKnownFileType = sourcecode.swift; path = RateAttributesView.swift; sourceTree = "<group>"; };
		1C3C7E02A42FFDAACD59FD0D /* RestaurantListView.swift */ = {isa = PBXFileReference; lastKnownFileType = sourcecode.swift; path = RestaurantListView.swift; sourceTree = "<group>"; };
		419FBE07E97E4D52607090AF /* RestaurantMapView.swift */ = {isa = PBXFileReference; lastKnownFileType = sourcecode.swift; path = RestaurantMapView.swift; sourceTree = "<group>"; };
		3BE0B75760469F9CC6EAFE5E /* Assets.xcassets */ = {isa = PBXFileReference; lastKnownFileType = folder.assetcatalog; path = Assets.xcassets; sourceTree = "<group>"; };
		95FE023DA4A31A0F8217714D /* Info.plist */ = {isa = PBXFileReference; lastKnownFileType = text.plist.xml; path = Info.plist; sourceTree = "<group>"; };
		BEDB93B9D51CBD41C3DE18E7 /* Debug.xcconfig */ = {isa = PBXFileReference; lastKnownFileType = text.xcconfig; path = Debug.xcconfig; sourceTree = "<group>"; };
		466E79B978B86F65ABDC555B /* Release.xcconfig */ = {isa = PBXFileReference; lastKnownFileType = text.xcconfig; path = Release.xcconfig; sourceTree = "<group>"; };
		789DA7669E835F40D44F8BF4 /* Little Scout.app */ = {isa = PBXFileReference; explicitFileType = wrapper.application; includeInIndex = 0; path = "Little Scout.app"; sourceTree = BUILT_PRODUCTS_DIR; };
		806F8A2A287FF89D8AC9EA63 /* Frameworks */ = {isa = PBXFrameworksBuildPhase; buildActionMask = 2147483647; files = (); runOnlyForDeploymentPostprocessing = 0; };
		EF10ED3FCE2C14E3355B25D1 = {isa = PBXGroup; children = (5F2398B6F83B4329D4C873DD B51A17E8D07A148E61C2CABB D8C060FFA0AF2E722405D239); sourceTree = "<group>"; };
		D8C060FFA0AF2E722405D239 /* Products */ = {isa = PBXGroup; children = (789DA7669E835F40D44F8BF4); sourceTree = "<group>"; };
		B51A17E8D07A148E61C2CABB /* Config */ = {isa = PBXGroup; children = (BEDB93B9D51CBD41C3DE18E7 466E79B978B86F65ABDC555B); path = Config; sourceTree = "<group>"; };
		5F2398B6F83B4329D4C873DD /* TTF */ = {isa = PBXGroup; children = (2164523B00BE75D8DD108BBC E88BD557B7EBD64A98C74ED5 223BD3E7B6437D59FE399931 F639E32C5DA99EB31A4F20DC CB2739930015A5944D19C634 B81BE696E642FEBFA7FC94E1 32BA004E1BAE06CB9DB26761); path = TTF; sourceTree = "<group>"; };
		2164523B00BE75D8DD108BBC /* App */ = {isa = PBXGroup; children = (1854165AE922632AE6CDDC4C 86EFD42CD039E0FD21624799); path = App; sourceTree = "<group>"; };
		E88BD557B7EBD64A98C74ED5 /* Models */ = {isa = PBXGroup; children = (044DAD3353A8C698DD2678F5 085525684DF196496448AB6D 8F91F393E2B0979FE7A59D0F 405DAA0CC3F315C2BDE2CA18); path = Models; sourceTree = "<group>"; };
		223BD3E7B6437D59FE399931 /* ViewModels */ = {isa = PBXGroup; children = (7CE0AE08489BF9DCD42EACFC F6B6C129DF65FA8122ED036B B16C2F75F61C51D786622264 2117AEB61B507E1155361031 AC3B8FB7275F589B5F280D03 CB93F8C5FFA4078E8C9CC508); path = ViewModels; sourceTree = "<group>"; };
		F639E32C5DA99EB31A4F20DC /* Utilities */ = {isa = PBXGroup; children = (6B422513D89A4A695A21FDC3 97747A23984C8733DD2B5C7D); path = Utilities; sourceTree = "<group>"; };
		CB2739930015A5944D19C634 /* Services */ = {isa = PBXGroup; children = (B19BE34BE8F96D4AC97D5AFB 161E3189790826F8F4CCF88F EBB284BED5CDD9589E10FDBA); path = Services; sourceTree = "<group>"; };
		B81BE696E642FEBFA7FC94E1 /* Views */ = {isa = PBXGroup; children = (D77A691B71DFE07640A14540 740B8896035D23F9D78BCD67 49994EB2C6AA37D57F01219E 9864DA34CE90B8705526A744 9549C85200CCED9C0A420B64 E4FD5C916B0A6F530D68D201 D864F15CEBF0BFA7F7FAE642); path = Views; sourceTree = "<group>"; };
		740B8896035D23F9D78BCD67 /* Auth */ = {isa = PBXGroup; children = (4D26FA4F099D835119454EA6 FCE5A472CB97ECF343837957); path = Auth; sourceTree = "<group>"; };
		49994EB2C6AA37D57F01219E /* TtfSubmit */ = {isa = PBXGroup; children = (180E6F0FA5CFC6350BEE2353); path = TtfSubmit; sourceTree = "<group>"; };
		9864DA34CE90B8705526A744 /* Detail */ = {isa = PBXGroup; children = (17FBE61EF29A29A5328FAE74); path = Detail; sourceTree = "<group>"; };
		9549C85200CCED9C0A420B64 /* Attributes */ = {isa = PBXGroup; children = (5D7DC14290C29DAFD0B30FFD); path = Attributes; sourceTree = "<group>"; };
		E4FD5C916B0A6F530D68D201 /* List */ = {isa = PBXGroup; children = (1C3C7E02A42FFDAACD59FD0D); path = List; sourceTree = "<group>"; };
		D864F15CEBF0BFA7F7FAE642 /* Map */ = {isa = PBXGroup; children = (419FBE07E97E4D52607090AF); path = Map; sourceTree = "<group>"; };
		32BA004E1BAE06CB9DB26761 /* Resources */ = {isa = PBXGroup; children = (3BE0B75760469F9CC6EAFE5E 95FE023DA4A31A0F8217714D); path = Resources; sourceTree = "<group>"; };
		42F168DA07796762D443256F /* TTF */ = {isa = PBXNativeTarget; buildConfigurationList = 5343609DD645392431635E5C; buildPhases = (8FEAD5F2AD5FA71B88F04D91 /* Sources */, 806F8A2A287FF89D8AC9EA63 /* Frameworks */, AAEDF8BCDF1299A0C16E1F54 /* Resources */); buildRules = (); dependencies = (); name = TTF; productName = "Little Scout"; productReference = 789DA7669E835F40D44F8BF4; productType = "com.apple.product-type.application"; };
		7A1FF4073A0385C3E9586508 /* Project object */ = {isa = PBXProject; attributes = {BuildIndependentTargetsInParallel = 1; LastUpgradeCheck = 1500; TargetAttributes = {42F168DA07796762D443256F = {CreatedOnToolsVersion = 15.0;};};}; buildConfigurationList = 2930B6A6C902482079C0D5B9; compatibilityVersion = "Xcode 14.0"; developmentRegion = en; hasScannedForEncodings = 0; knownRegions = (en, Base); mainGroup = EF10ED3FCE2C14E3355B25D1; productRefGroup = D8C060FFA0AF2E722405D239; projectDirPath = ""; projectRoot = ""; targets = (42F168DA07796762D443256F); };
		AAEDF8BCDF1299A0C16E1F54 /* Resources */ = {isa = PBXResourcesBuildPhase; buildActionMask = 2147483647; files = (4746D3B734C1FA88E2A7A949 CA3EAA72B9002AEBF4BAD846); runOnlyForDeploymentPostprocessing = 0; };
		8FEAD5F2AD5FA71B88F04D91 /* Sources */ = {isa = PBXSourcesBuildPhase; buildActionMask = 2147483647; files = (D7A9A1632C05B21E6F8130B1 A3E674F708E2508ED7364375 6AAF2EF9839CBDB7DF3540C6 43E02348956DA886BD8CC5EC 6E84FFCB03E792A1A4150ABC 4EB2D0CCD4FD6323BAEB383F 9619083527E303B9644BC4B8 478E5B8C7EFF84A89D0CA6AC D2C1CD9C4378FCAB72FE0DAA 9E07CBD4DFB2A8DF715FB5CD F144CA8A6F171644E0FCBE09 C70DE5102B8D8240E4B31E84 51BC64DEB804E5CA7CEB24DD A24CE519C698174DC1393787 9BCB4438A2B066F1DDF91279 D8FCBCA491A0112CDDA4F7E4 1CCFE07285CDE9E043090262 4C175EDD41998FC29D55882F 9C61E090BD5E23940EAAEFBC 69CE65975F2851DC26896E97 802F0CC2406F008B1DA17A2C BA477DD96F2D41E0CA952099 83B320E7111AA85F4744FB07 C6D377F351CDE5D68887B5D9 B4172C5F2DEB9B5400EF5DA5); runOnlyForDeploymentPostprocessing = 0; };
		8C27B42ACF5E86FECC7817F6 /* Debug */ = {isa = XCBuildConfiguration; baseConfigurationReference = BEDB93B9D51CBD41C3DE18E7; buildSettings = {ALWAYS_SEARCH_USER_PATHS = NO; CLANG_ENABLE_MODULES = YES; COPY_PHASE_STRIP = NO; DEBUG_INFORMATION_FORMAT = dwarf; ENABLE_STRICT_OBJC_MSGSEND = YES; GCC_DYNAMIC_NO_PIC = NO; IPHONEOS_DEPLOYMENT_TARGET = 17.0; MTL_ENABLE_DEBUG_INFO = YES; ONLY_ACTIVE_ARCH = YES; SDKROOT = iphoneos; SWIFT_ACTIVE_COMPILATION_CONDITIONS = DEBUG; SWIFT_OPTIMIZATION_LEVEL = -Onone; SWIFT_VERSION = 5.10;}; name = Debug; };
		83007D489EC22B23CE449EBB /* Release */ = {isa = XCBuildConfiguration; baseConfigurationReference = 466E79B978B86F65ABDC555B; buildSettings = {ALWAYS_SEARCH_USER_PATHS = NO; CLANG_ENABLE_MODULES = YES; COPY_PHASE_STRIP = NO; DEBUG_INFORMATION_FORMAT = dwarf-with-dsym; ENABLE_STRICT_OBJC_MSGSEND = YES; GCC_DYNAMIC_NO_PIC = NO; IPHONEOS_DEPLOYMENT_TARGET = 17.0; MTL_ENABLE_DEBUG_INFO = NO; ONLY_ACTIVE_ARCH = NO; SDKROOT = iphoneos; SWIFT_ACTIVE_COMPILATION_CONDITIONS = ; SWIFT_OPTIMIZATION_LEVEL = -O; SWIFT_VERSION = 5.10;}; name = Release; };
		82C832840A2D8FE313BC18C9 /* Debug */ = {isa = XCBuildConfiguration; baseConfigurationReference = BEDB93B9D51CBD41C3DE18E7; buildSettings = {ASSETCATALOG_COMPILER_APPICON_NAME = AppIcon; ASSETCATALOG_COMPILER_GLOBAL_ACCENT_COLOR_NAME = AccentColor; CODE_SIGN_STYLE = Automatic; CURRENT_PROJECT_VERSION = 1; DEVELOPMENT_TEAM = ""; ENABLE_USER_SCRIPT_SANDBOXING = YES; GENERATE_INFOPLIST_FILE = NO; INFOPLIST_FILE = TTF/Resources/Info.plist; INFOPLIST_KEY_CFBundleDisplayName = "Little Scout"; INFOPLIST_KEY_NSLocationWhenInUseUsageDescription = "Little Scout uses your location to show nearby restaurants in the pilot area."; INFOPLIST_KEY_UILaunchScreen_Generation = YES; LD_RUNPATH_SEARCH_PATHS = ("$(inherited)", "@executable_path/Frameworks"); MARKETING_VERSION = 0.1.0; PRODUCT_BUNDLE_IDENTIFIER = com.samueljoeharris.ttf; PRODUCT_NAME = "Little Scout"; SWIFT_EMIT_LOC_STRINGS = YES; SWIFT_VERSION = 5.10; TARGETED_DEVICE_FAMILY = 1;}; name = Debug; };
		E3D5FF6961F7F779DB638DF9 /* Release */ = {isa = XCBuildConfiguration; baseConfigurationReference = 466E79B978B86F65ABDC555B; buildSettings = {ASSETCATALOG_COMPILER_APPICON_NAME = AppIcon; ASSETCATALOG_COMPILER_GLOBAL_ACCENT_COLOR_NAME = AccentColor; CODE_SIGN_STYLE = Automatic; CURRENT_PROJECT_VERSION = 1; DEVELOPMENT_TEAM = ""; ENABLE_USER_SCRIPT_SANDBOXING = YES; GENERATE_INFOPLIST_FILE = NO; INFOPLIST_FILE = TTF/Resources/Info.plist; INFOPLIST_KEY_CFBundleDisplayName = "Little Scout"; INFOPLIST_KEY_NSLocationWhenInUseUsageDescription = "Little Scout uses your location to show nearby restaurants in the pilot area."; INFOPLIST_KEY_UILaunchScreen_Generation = YES; LD_RUNPATH_SEARCH_PATHS = ("$(inherited)", "@executable_path/Frameworks"); MARKETING_VERSION = 0.1.0; PRODUCT_BUNDLE_IDENTIFIER = com.samueljoeharris.ttf; PRODUCT_NAME = "Little Scout"; SWIFT_EMIT_LOC_STRINGS = YES; SWIFT_VERSION = 5.10; TARGETED_DEVICE_FAMILY = 1;}; name = Release; };
		2930B6A6C902482079C0D5B9 = {isa = XCConfigurationList; buildConfigurations = (8C27B42ACF5E86FECC7817F6, 83007D489EC22B23CE449EBB); defaultConfigurationIsVisible = 0; defaultConfigurationName = Release; };
		5343609DD645392431635E5C = {isa = XCConfigurationList; buildConfigurations = (82C832840A2D8FE313BC18C9, E3D5FF6961F7F779DB638DF9); defaultConfigurationIsVisible = 0; defaultConfigurationName = Release; };
	};
	rootObject = 7A1FF4073A0385C3E9586508 /* Project object */;
}
