// !$*UTF8*$!
{
	archiveVersion = 1;
	classes = {};
	objectVersion = 56;
	objects = {
		DB5752FA75C64D9427DF3894 /* AuthViewModel.swift in Sources */ = {isa = PBXBuildFile; fileRef = FB27B185C46246C1698586B4 /* AuthViewModel.swift */; };
		FA65646C71215EA39E42D131 /* PlaceSearchViewModel.swift in Sources */ = {isa = PBXBuildFile; fileRef = 669E5571C13CA6DAE57D837A /* PlaceSearchViewModel.swift */; };
		CA0F4DA40098C3115C28DB37 /* RateAttributesViewModel.swift in Sources */ = {isa = PBXBuildFile; fileRef = 26103E140F541B4367117ED3 /* RateAttributesViewModel.swift */; };
		D9CF6357AFE3F0086FF3E408 /* RestaurantDetailViewModel.swift in Sources */ = {isa = PBXBuildFile; fileRef = F6448DEBA077DF64460132A8 /* RestaurantDetailViewModel.swift */; };
		3C3A976901988CDE74CA7F25 /* TtfSubmitViewModel.swift in Sources */ = {isa = PBXBuildFile; fileRef = C639999A4E786241197FC78F /* TtfSubmitViewModel.swift */; };
		906DCDCE3070C4ED9A0C705D /* AppConfig.swift in Sources */ = {isa = PBXBuildFile; fileRef = 1F80F931D79AC23D985D75ED /* AppConfig.swift */; };
		9687884CD8868ECCBD3E2966 /* TTFApp.swift in Sources */ = {isa = PBXBuildFile; fileRef = C65A93674672B5B00A70022C /* TTFApp.swift */; };
		CF4AD12E764A7861AD000B23 /* Metric.swift in Sources */ = {isa = PBXBuildFile; fileRef = 3BC51015BA7AE8A4DA22AD8F /* Metric.swift */; };
		A5434B8EF088F41DB0456996 /* PlaceSuggestion.swift in Sources */ = {isa = PBXBuildFile; fileRef = 2CF8CB20E7D9120D5378051F /* PlaceSuggestion.swift */; };
		119873AF3D46C853B21CB494 /* Restaurant.swift in Sources */ = {isa = PBXBuildFile; fileRef = 5993FA133F1DFF894CB949AF /* Restaurant.swift */; };
		CFC003FDE41E689C36FAA98C /* Ttf.swift in Sources */ = {isa = PBXBuildFile; fileRef = 56DD7210670C2460A2BE93E0 /* Ttf.swift */; };
		1FD55C2D98323547A329E4DB /* UserProfile.swift in Sources */ = {isa = PBXBuildFile; fileRef = 5427D8C35B3336491B3AD33A /* UserProfile.swift */; };
		2FB72D91AA11D064D07EC84C /* WatchlistModels.swift in Sources */ = {isa = PBXBuildFile; fileRef = BBBD2238A9E936B627A8CFAA /* WatchlistModels.swift */; };
		38E0C058F01D396DD654D086 /* Geolocation.swift in Sources */ = {isa = PBXBuildFile; fileRef = C0F5F0C2D0B764299C963C8C /* Geolocation.swift */; };
		858CCC038DAE8788F35E5AE1 /* JSONCoding.swift in Sources */ = {isa = PBXBuildFile; fileRef = DE053B29C9F34F215166EF76 /* JSONCoding.swift */; };
		2D98A1379C6102CF57D33DE6 /* MapPinLogic.swift in Sources */ = {isa = PBXBuildFile; fileRef = A7D2D652A744039D06B9ED67 /* MapPinLogic.swift */; };
		FCAD01DB9E5D17A4999C2198 /* PlacePracticalCache.swift in Sources */ = {isa = PBXBuildFile; fileRef = C7AF828FAB8DAE8D602C97CB /* PlacePracticalCache.swift */; };
		D1A4E751F46A76ACBE7B88B6 /* Theme.swift in Sources */ = {isa = PBXBuildFile; fileRef = 526DAB77A4A58489A8143D70 /* Theme.swift */; };
		E345245F8C00133DA0738485 /* TtfTier.swift in Sources */ = {isa = PBXBuildFile; fileRef = B62BB7930CDF63E66467EC03 /* TtfTier.swift */; };
		CEFED59A0AFB315E7EBF0AE7 /* UserStorage.swift in Sources */ = {isa = PBXBuildFile; fileRef = 54C1857FCEFD49123956CB08 /* UserStorage.swift */; };
		5DFC5BCCABF5663672947E69 /* RootTabView.swift in Sources */ = {isa = PBXBuildFile; fileRef = 3B87C2BE1F8E5902DD3BC5CA /* RootTabView.swift */; };
		65468E3A89981D069C55DE3C /* SavedView.swift in Sources */ = {isa = PBXBuildFile; fileRef = F553A9E17E8395927DF10D01 /* SavedView.swift */; };
		EAD65C8BBD4073F39C7FA696 /* HomeView.swift in Sources */ = {isa = PBXBuildFile; fileRef = 82B90EFFA611A7B3D9BBFCBD /* HomeView.swift */; };
		5BB0E655AE3B95E5B61F356D /* TtfSubmitView.swift in Sources */ = {isa = PBXBuildFile; fileRef = F1032752E20E2A2242A014F0 /* TtfSubmitView.swift */; };
		3B0CB31F1CD7A914BC949101 /* AccountView.swift in Sources */ = {isa = PBXBuildFile; fileRef = AA1045BD1AC5F7DA061832F4 /* AccountView.swift */; };
		6CD42459CB404965D606A02D /* DeleteAccountSettingsView.swift in Sources */ = {isa = PBXBuildFile; fileRef = 899FAB97A9966AB60DECB73F /* DeleteAccountSettingsView.swift */; };
		10618915F82C15AEC7FCE814 /* SignInView.swift in Sources */ = {isa = PBXBuildFile; fileRef = 7557DFB62473E8D616577761 /* SignInView.swift */; };
		CC74EFA72DDE816F13F35B12 /* PlaceSearchField.swift in Sources */ = {isa = PBXBuildFile; fileRef = FBC09C2A682A495B890EF579 /* PlaceSearchField.swift */; };
		99C6401125F42D5FE2A04803 /* PlaceSearchSuggestionsView.swift in Sources */ = {isa = PBXBuildFile; fileRef = 1BCD9A95347EF4D4F3628936 /* PlaceSearchSuggestionsView.swift */; };
		9ED8E6D879D375364DA69107 /* RateAttributesView.swift in Sources */ = {isa = PBXBuildFile; fileRef = 54677B8AA4365C29EB75688C /* RateAttributesView.swift */; };
		1BF4EF35F8ED5A5874B55E18 /* ErrorStateView.swift in Sources */ = {isa = PBXBuildFile; fileRef = EE313A397EB7BB398D0CEC4C /* ErrorStateView.swift */; };
		513976699C9910E5C686C56C /* ScoutCard.swift in Sources */ = {isa = PBXBuildFile; fileRef = 62547DAB4490351C21F8BAD4 /* ScoutCard.swift */; };
		085C265B9623B3CE88024CC5 /* TierPinView.swift in Sources */ = {isa = PBXBuildFile; fileRef = A86CBA304D3698A8321E846C /* TierPinView.swift */; };
		D31A00E9B2845FCCBC1B8038 /* RestaurantDetailView.swift in Sources */ = {isa = PBXBuildFile; fileRef = 24B7E9A72DF6EF2B1584D44B /* RestaurantDetailView.swift */; };
		6666CF666AFF0479E08AF3F5 /* MapLocateFab.swift in Sources */ = {isa = PBXBuildFile; fileRef = 1EB708BA0F5832F09B36B263 /* MapLocateFab.swift */; };
		6A0765CA2085323560C289E2 /* RestaurantMapView.swift in Sources */ = {isa = PBXBuildFile; fileRef = 98C7269B4C974ABBC254846C /* RestaurantMapView.swift */; };
		1EED81A9C55BA4608002E38E /* RestaurantListView.swift in Sources */ = {isa = PBXBuildFile; fileRef = 870FCECE02480F2C7170523E /* RestaurantListView.swift */; };
		720A7D1A66AE6B418D98F0FF /* APIClient.swift in Sources */ = {isa = PBXBuildFile; fileRef = D5A772FE8CAD711F516EF9E9 /* APIClient.swift */; };
		791F45995E0BDEABD444E6EA /* APIError.swift in Sources */ = {isa = PBXBuildFile; fileRef = 99AA229EBEF8C90C97E1D955 /* APIError.swift */; };
		FE921ABCABCA2A094C493E9A /* AppCheckProviderFactory.swift in Sources */ = {isa = PBXBuildFile; fileRef = 1C310DB000D958FB0FC5AB77 /* AppCheckProviderFactory.swift */; };
		3C29940406F8E33F748DD78F /* AppCheckService.swift in Sources */ = {isa = PBXBuildFile; fileRef = 2513051550F17438840788BF /* AppCheckService.swift */; };
		1D1EF39BB5D48606E1A9FE6D /* AppleSignInCoordinator.swift in Sources */ = {isa = PBXBuildFile; fileRef = 241167F833CECF495D7B7B0E /* AppleSignInCoordinator.swift */; };
		B05AF2342A6267E2B14656AB /* AuthService.swift in Sources */ = {isa = PBXBuildFile; fileRef = 3F060F721668ADFCF7F94923 /* AuthService.swift */; };
		5C04AE55C1D07E90134A26CF /* BackgroundCoverage.swift in Sources */ = {isa = PBXBuildFile; fileRef = 2E0F872250A287A0BF296F90 /* BackgroundCoverage.swift */; };
		C0352549091464EDE8D393B9 /* CoverageModel.swift in Sources */ = {isa = PBXBuildFile; fileRef = B3A1670593C0BB20C9A7DD6D /* CoverageModel.swift */; };
		7BC8456FCB788057B8B9B94E /* RestaurantStore.swift in Sources */ = {isa = PBXBuildFile; fileRef = 9B391B9D273F4387BABC3606 /* RestaurantStore.swift */; };
		F091A27DC53DE96D0A056901 /* Assets.xcassets in Resources */ = {isa = PBXBuildFile; fileRef = BEC6BDCEB4B70BB9DBED3E72 /* Assets.xcassets */; };
		22C82B87D430D6DF968D5A6D /* Colors.xcassets in Resources */ = {isa = PBXBuildFile; fileRef = 4C5D78AB2C561F8AA7638572 /* Colors.xcassets */; };
		FB823102CCED10EA0C60B19F /* Nunito-Bold.ttf in Resources */ = {isa = PBXBuildFile; fileRef = 473A8FB7803036D78B90995E /* Nunito-Bold.ttf */; };
		5B41453164CA0E5BB6B1CB76 /* Nunito-ExtraBold.ttf in Resources */ = {isa = PBXBuildFile; fileRef = 12C44C55B4B8FFCCC030748F /* Nunito-ExtraBold.ttf */; };
		99A325DFBF5E6178A4434AEA /* Nunito-Medium.ttf in Resources */ = {isa = PBXBuildFile; fileRef = C41942C1FB036831D194F186 /* Nunito-Medium.ttf */; };
		185EDAE976C95339AD98398A /* Nunito-Regular.ttf in Resources */ = {isa = PBXBuildFile; fileRef = 523491C5D7816A0E0318C8B3 /* Nunito-Regular.ttf */; };
		BB9AAB94696FED5ABFD7FC90 /* Nunito-SemiBold.ttf in Resources */ = {isa = PBXBuildFile; fileRef = AE2D576F908210B2FBE13618 /* Nunito-SemiBold.ttf */; };
		3D669F36986F326BD7E78D39 /* OFL-Nunito.txt in Resources */ = {isa = PBXBuildFile; fileRef = 1F15978F3B120D4D2E2E964D /* OFL-Nunito.txt */; };
		773A68F393FCCE60C84F96E1 /* OFL-Quicksand.txt in Resources */ = {isa = PBXBuildFile; fileRef = B940B3C0967114B9487B99D8 /* OFL-Quicksand.txt */; };
		37CCF1A251CFA0F20E2ACD7C /* Quicksand-Bold.ttf in Resources */ = {isa = PBXBuildFile; fileRef = 8B09195CE438D507B61BD804 /* Quicksand-Bold.ttf */; };
		5BD9A4A8C1F5DCD93B7AB319 /* Quicksand-Medium.ttf in Resources */ = {isa = PBXBuildFile; fileRef = 420E4C9D20FE85D7544EB264 /* Quicksand-Medium.ttf */; };
		8C05488B00B02BF0C736010F /* Quicksand-SemiBold.ttf in Resources */ = {isa = PBXBuildFile; fileRef = 981A86189EB189E96017D845 /* Quicksand-SemiBold.ttf */; };
		10649F8A5B9A3E4D2C26075A /* FirebaseAuth in Frameworks */ = {isa = PBXBuildFile; productRef = 6DF7C545B1D6AB4532CDED11 /* FirebaseAuth */; };
		C87C50EDCD554D77841958E8 /* FirebaseAppCheck in Frameworks */ = {isa = PBXBuildFile; productRef = C27C93314CB6F80904172F80 /* FirebaseAppCheck */; };
		FB27B185C46246C1698586B4 /* AuthViewModel.swift */ = {isa = PBXFileReference; lastKnownFileType = sourcecode.swift; path = AuthViewModel.swift; sourceTree = "<group>"; };
		669E5571C13CA6DAE57D837A /* PlaceSearchViewModel.swift */ = {isa = PBXFileReference; lastKnownFileType = sourcecode.swift; path = PlaceSearchViewModel.swift; sourceTree = "<group>"; };
		26103E140F541B4367117ED3 /* RateAttributesViewModel.swift */ = {isa = PBXFileReference; lastKnownFileType = sourcecode.swift; path = RateAttributesViewModel.swift; sourceTree = "<group>"; };
		F6448DEBA077DF64460132A8 /* RestaurantDetailViewModel.swift */ = {isa = PBXFileReference; lastKnownFileType = sourcecode.swift; path = RestaurantDetailViewModel.swift; sourceTree = "<group>"; };
		C639999A4E786241197FC78F /* TtfSubmitViewModel.swift */ = {isa = PBXFileReference; lastKnownFileType = sourcecode.swift; path = TtfSubmitViewModel.swift; sourceTree = "<group>"; };
		1F80F931D79AC23D985D75ED /* AppConfig.swift */ = {isa = PBXFileReference; lastKnownFileType = sourcecode.swift; path = AppConfig.swift; sourceTree = "<group>"; };
		C65A93674672B5B00A70022C /* TTFApp.swift */ = {isa = PBXFileReference; lastKnownFileType = sourcecode.swift; path = TTFApp.swift; sourceTree = "<group>"; };
		3BC51015BA7AE8A4DA22AD8F /* Metric.swift */ = {isa = PBXFileReference; lastKnownFileType = sourcecode.swift; path = Metric.swift; sourceTree = "<group>"; };
		2CF8CB20E7D9120D5378051F /* PlaceSuggestion.swift */ = {isa = PBXFileReference; lastKnownFileType = sourcecode.swift; path = PlaceSuggestion.swift; sourceTree = "<group>"; };
		5993FA133F1DFF894CB949AF /* Restaurant.swift */ = {isa = PBXFileReference; lastKnownFileType = sourcecode.swift; path = Restaurant.swift; sourceTree = "<group>"; };
		56DD7210670C2460A2BE93E0 /* Ttf.swift */ = {isa = PBXFileReference; lastKnownFileType = sourcecode.swift; path = Ttf.swift; sourceTree = "<group>"; };
		5427D8C35B3336491B3AD33A /* UserProfile.swift */ = {isa = PBXFileReference; lastKnownFileType = sourcecode.swift; path = UserProfile.swift; sourceTree = "<group>"; };
		BBBD2238A9E936B627A8CFAA /* WatchlistModels.swift */ = {isa = PBXFileReference; lastKnownFileType = sourcecode.swift; path = WatchlistModels.swift; sourceTree = "<group>"; };
		C0F5F0C2D0B764299C963C8C /* Geolocation.swift */ = {isa = PBXFileReference; lastKnownFileType = sourcecode.swift; path = Geolocation.swift; sourceTree = "<group>"; };
		DE053B29C9F34F215166EF76 /* JSONCoding.swift */ = {isa = PBXFileReference; lastKnownFileType = sourcecode.swift; path = JSONCoding.swift; sourceTree = "<group>"; };
		A7D2D652A744039D06B9ED67 /* MapPinLogic.swift */ = {isa = PBXFileReference; lastKnownFileType = sourcecode.swift; path = MapPinLogic.swift; sourceTree = "<group>"; };
		C7AF828FAB8DAE8D602C97CB /* PlacePracticalCache.swift */ = {isa = PBXFileReference; lastKnownFileType = sourcecode.swift; path = PlacePracticalCache.swift; sourceTree = "<group>"; };
		526DAB77A4A58489A8143D70 /* Theme.swift */ = {isa = PBXFileReference; lastKnownFileType = sourcecode.swift; path = Theme.swift; sourceTree = "<group>"; };
		B62BB7930CDF63E66467EC03 /* TtfTier.swift */ = {isa = PBXFileReference; lastKnownFileType = sourcecode.swift; path = TtfTier.swift; sourceTree = "<group>"; };
		54C1857FCEFD49123956CB08 /* UserStorage.swift */ = {isa = PBXFileReference; lastKnownFileType = sourcecode.swift; path = UserStorage.swift; sourceTree = "<group>"; };
		3B87C2BE1F8E5902DD3BC5CA /* RootTabView.swift */ = {isa = PBXFileReference; lastKnownFileType = sourcecode.swift; path = RootTabView.swift; sourceTree = "<group>"; };
		F553A9E17E8395927DF10D01 /* SavedView.swift */ = {isa = PBXFileReference; lastKnownFileType = sourcecode.swift; path = SavedView.swift; sourceTree = "<group>"; };
		82B90EFFA611A7B3D9BBFCBD /* HomeView.swift */ = {isa = PBXFileReference; lastKnownFileType = sourcecode.swift; path = HomeView.swift; sourceTree = "<group>"; };
		F1032752E20E2A2242A014F0 /* TtfSubmitView.swift */ = {isa = PBXFileReference; lastKnownFileType = sourcecode.swift; path = TtfSubmitView.swift; sourceTree = "<group>"; };
		AA1045BD1AC5F7DA061832F4 /* AccountView.swift */ = {isa = PBXFileReference; lastKnownFileType = sourcecode.swift; path = AccountView.swift; sourceTree = "<group>"; };
		899FAB97A9966AB60DECB73F /* DeleteAccountSettingsView.swift */ = {isa = PBXFileReference; lastKnownFileType = sourcecode.swift; path = DeleteAccountSettingsView.swift; sourceTree = "<group>"; };
		7557DFB62473E8D616577761 /* SignInView.swift */ = {isa = PBXFileReference; lastKnownFileType = sourcecode.swift; path = SignInView.swift; sourceTree = "<group>"; };
		FBC09C2A682A495B890EF579 /* PlaceSearchField.swift */ = {isa = PBXFileReference; lastKnownFileType = sourcecode.swift; path = PlaceSearchField.swift; sourceTree = "<group>"; };
		1BCD9A95347EF4D4F3628936 /* PlaceSearchSuggestionsView.swift */ = {isa = PBXFileReference; lastKnownFileType = sourcecode.swift; path = PlaceSearchSuggestionsView.swift; sourceTree = "<group>"; };
		54677B8AA4365C29EB75688C /* RateAttributesView.swift */ = {isa = PBXFileReference; lastKnownFileType = sourcecode.swift; path = RateAttributesView.swift; sourceTree = "<group>"; };
		EE313A397EB7BB398D0CEC4C /* ErrorStateView.swift */ = {isa = PBXFileReference; lastKnownFileType = sourcecode.swift; path = ErrorStateView.swift; sourceTree = "<group>"; };
		62547DAB4490351C21F8BAD4 /* ScoutCard.swift */ = {isa = PBXFileReference; lastKnownFileType = sourcecode.swift; path = ScoutCard.swift; sourceTree = "<group>"; };
		A86CBA304D3698A8321E846C /* TierPinView.swift */ = {isa = PBXFileReference; lastKnownFileType = sourcecode.swift; path = TierPinView.swift; sourceTree = "<group>"; };
		24B7E9A72DF6EF2B1584D44B /* RestaurantDetailView.swift */ = {isa = PBXFileReference; lastKnownFileType = sourcecode.swift; path = RestaurantDetailView.swift; sourceTree = "<group>"; };
		1EB708BA0F5832F09B36B263 /* MapLocateFab.swift */ = {isa = PBXFileReference; lastKnownFileType = sourcecode.swift; path = MapLocateFab.swift; sourceTree = "<group>"; };
		98C7269B4C974ABBC254846C /* RestaurantMapView.swift */ = {isa = PBXFileReference; lastKnownFileType = sourcecode.swift; path = RestaurantMapView.swift; sourceTree = "<group>"; };
		870FCECE02480F2C7170523E /* RestaurantListView.swift */ = {isa = PBXFileReference; lastKnownFileType = sourcecode.swift; path = RestaurantListView.swift; sourceTree = "<group>"; };
		D5A772FE8CAD711F516EF9E9 /* APIClient.swift */ = {isa = PBXFileReference; lastKnownFileType = sourcecode.swift; path = APIClient.swift; sourceTree = "<group>"; };
		99AA229EBEF8C90C97E1D955 /* APIError.swift */ = {isa = PBXFileReference; lastKnownFileType = sourcecode.swift; path = APIError.swift; sourceTree = "<group>"; };
		1C310DB000D958FB0FC5AB77 /* AppCheckProviderFactory.swift */ = {isa = PBXFileReference; lastKnownFileType = sourcecode.swift; path = AppCheckProviderFactory.swift; sourceTree = "<group>"; };
		2513051550F17438840788BF /* AppCheckService.swift */ = {isa = PBXFileReference; lastKnownFileType = sourcecode.swift; path = AppCheckService.swift; sourceTree = "<group>"; };
		241167F833CECF495D7B7B0E /* AppleSignInCoordinator.swift */ = {isa = PBXFileReference; lastKnownFileType = sourcecode.swift; path = AppleSignInCoordinator.swift; sourceTree = "<group>"; };
		3F060F721668ADFCF7F94923 /* AuthService.swift */ = {isa = PBXFileReference; lastKnownFileType = sourcecode.swift; path = AuthService.swift; sourceTree = "<group>"; };
		2E0F872250A287A0BF296F90 /* BackgroundCoverage.swift */ = {isa = PBXFileReference; lastKnownFileType = sourcecode.swift; path = BackgroundCoverage.swift; sourceTree = "<group>"; };
		B3A1670593C0BB20C9A7DD6D /* CoverageModel.swift */ = {isa = PBXFileReference; lastKnownFileType = sourcecode.swift; path = CoverageModel.swift; sourceTree = "<group>"; };
		9B391B9D273F4387BABC3606 /* RestaurantStore.swift */ = {isa = PBXFileReference; lastKnownFileType = sourcecode.swift; path = RestaurantStore.swift; sourceTree = "<group>"; };
		BEC6BDCEB4B70BB9DBED3E72 /* Assets.xcassets */ = {isa = PBXFileReference; lastKnownFileType = folder.assetcatalog; path = Assets.xcassets; sourceTree = "<group>"; };
		4C5D78AB2C561F8AA7638572 /* Colors.xcassets */ = {isa = PBXFileReference; lastKnownFileType = folder.assetcatalog; path = Colors.xcassets; sourceTree = "<group>"; };
		473A8FB7803036D78B90995E /* Nunito-Bold.ttf */ = {isa = PBXFileReference; lastKnownFileType = file; path = Nunito-Bold.ttf; sourceTree = "<group>"; };
		12C44C55B4B8FFCCC030748F /* Nunito-ExtraBold.ttf */ = {isa = PBXFileReference; lastKnownFileType = file; path = Nunito-ExtraBold.ttf; sourceTree = "<group>"; };
		C41942C1FB036831D194F186 /* Nunito-Medium.ttf */ = {isa = PBXFileReference; lastKnownFileType = file; path = Nunito-Medium.ttf; sourceTree = "<group>"; };
		523491C5D7816A0E0318C8B3 /* Nunito-Regular.ttf */ = {isa = PBXFileReference; lastKnownFileType = file; path = Nunito-Regular.ttf; sourceTree = "<group>"; };
		AE2D576F908210B2FBE13618 /* Nunito-SemiBold.ttf */ = {isa = PBXFileReference; lastKnownFileType = file; path = Nunito-SemiBold.ttf; sourceTree = "<group>"; };
		1F15978F3B120D4D2E2E964D /* OFL-Nunito.txt */ = {isa = PBXFileReference; lastKnownFileType = text; path = OFL-Nunito.txt; sourceTree = "<group>"; };
		B940B3C0967114B9487B99D8 /* OFL-Quicksand.txt */ = {isa = PBXFileReference; lastKnownFileType = text; path = OFL-Quicksand.txt; sourceTree = "<group>"; };
		8B09195CE438D507B61BD804 /* Quicksand-Bold.ttf */ = {isa = PBXFileReference; lastKnownFileType = file; path = Quicksand-Bold.ttf; sourceTree = "<group>"; };
		420E4C9D20FE85D7544EB264 /* Quicksand-Medium.ttf */ = {isa = PBXFileReference; lastKnownFileType = file; path = Quicksand-Medium.ttf; sourceTree = "<group>"; };
		981A86189EB189E96017D845 /* Quicksand-SemiBold.ttf */ = {isa = PBXFileReference; lastKnownFileType = file; path = Quicksand-SemiBold.ttf; sourceTree = "<group>"; };
		02116AC33212C746330A8972 /* Debug.xcconfig */ = {isa = PBXFileReference; lastKnownFileType = text.xcconfig; path = Debug.xcconfig; sourceTree = "<group>"; };
		8299CB005255AF974F8F5964 /* Release.xcconfig */ = {isa = PBXFileReference; lastKnownFileType = text.xcconfig; path = Release.xcconfig; sourceTree = "<group>"; };
		B033A7F9180EA57D09EDC945 /* TTF.entitlements */ = {isa = PBXFileReference; lastKnownFileType = text.plist.entitlements; path = TTF.entitlements; sourceTree = "<group>"; };
		D09155B5ABEAB0B527416FD7 /* Little Scout.app */ = {isa = PBXFileReference; explicitFileType = wrapper.application; includeInIndex = 0; path = "Little Scout.app"; sourceTree = BUILT_PRODUCTS_DIR; };
		A716A23E6DA71460039A3342 /* Frameworks */ = {isa = PBXFrameworksBuildPhase; buildActionMask = 2147483647; files = (10649F8A5B9A3E4D2C26075A /* FirebaseAuth in Frameworks */, C87C50EDCD554D77841958E8 /* FirebaseAppCheck in Frameworks */); runOnlyForDeploymentPostprocessing = 0; };
		ECDD587ADD12EB8B04A1CFD7 = {isa = PBXGroup; children = (B34C265E7B6B78438DB750C2, 4330FA535362AA3FA4C1F917, 4E4FCAA6923E3320F9BFE666); sourceTree = "<group>"; };
		4E4FCAA6923E3320F9BFE666 /* Products */ = {isa = PBXGroup; children = (D09155B5ABEAB0B527416FD7); sourceTree = "<group>"; };
		4330FA535362AA3FA4C1F917 /* Config */ = {isa = PBXGroup; children = (02116AC33212C746330A8972, 8299CB005255AF974F8F5964); path = Config; sourceTree = "<group>"; };
		B34C265E7B6B78438DB750C2 /* TTF */ = {isa = PBXGroup; children = (B033A7F9180EA57D09EDC945, 9EE60697373D3045A11D67D5, 63178743D32E33630C5C6DCD, CB5AAFF94EDE119BFCCDCE3F, 310ED82C148FC8E0784E3E67, DB44DBA47604EA393F5B4E0A, 2EB67294F546B70F403E93B1, 5FC738F77A8ED8563501C280); path = TTF; sourceTree = "<group>"; };
		9EE60697373D3045A11D67D5 /* ViewModels */ = {isa = PBXGroup; children = (FB27B185C46246C1698586B4, 669E5571C13CA6DAE57D837A, 26103E140F541B4367117ED3, F6448DEBA077DF64460132A8, C639999A4E786241197FC78F); path = ViewModels; sourceTree = "<group>"; };
		63178743D32E33630C5C6DCD /* App */ = {isa = PBXGroup; children = (1F80F931D79AC23D985D75ED, C65A93674672B5B00A70022C); path = App; sourceTree = "<group>"; };
		CB5AAFF94EDE119BFCCDCE3F /* Models */ = {isa = PBXGroup; children = (3BC51015BA7AE8A4DA22AD8F, 2CF8CB20E7D9120D5378051F, 5993FA133F1DFF894CB949AF, 56DD7210670C2460A2BE93E0, 5427D8C35B3336491B3AD33A, BBBD2238A9E936B627A8CFAA); path = Models; sourceTree = "<group>"; };
		310ED82C148FC8E0784E3E67 /* Utilities */ = {isa = PBXGroup; children = (C0F5F0C2D0B764299C963C8C, DE053B29C9F34F215166EF76, A7D2D652A744039D06B9ED67, C7AF828FAB8DAE8D602C97CB, 526DAB77A4A58489A8143D70, B62BB7930CDF63E66467EC03, 54C1857FCEFD49123956CB08); path = Utilities; sourceTree = "<group>"; };
		DB44DBA47604EA393F5B4E0A /* Views */ = {isa = PBXGroup; children = (3B87C2BE1F8E5902DD3BC5CA, B7A20B243B656F9554AB3948, 56DA4FCBFE81BEEBFA551F3A, 81C867FCD900AF279CB1318F, 41154F3732DE30E814816752, F0E4CAB8C8AC17F506F80A61, 977C419DB8642D291A557D13, EFB6F8C1D17466A1013627BA, 29BB0A362CA2B130CE01B726, 087DAD2EFC56B52F8C546649, 0C43B5F3FB1953D44F18962C); path = Views; sourceTree = "<group>"; };
		B7A20B243B656F9554AB3948 /* Saved */ = {isa = PBXGroup; children = (F553A9E17E8395927DF10D01); path = Saved; sourceTree = "<group>"; };
		56DA4FCBFE81BEEBFA551F3A /* Home */ = {isa = PBXGroup; children = (82B90EFFA611A7B3D9BBFCBD); path = Home; sourceTree = "<group>"; };
		81C867FCD900AF279CB1318F /* TtfSubmit */ = {isa = PBXGroup; children = (F1032752E20E2A2242A014F0); path = TtfSubmit; sourceTree = "<group>"; };
		41154F3732DE30E814816752 /* Auth */ = {isa = PBXGroup; children = (AA1045BD1AC5F7DA061832F4, 899FAB97A9966AB60DECB73F, 7557DFB62473E8D616577761); path = Auth; sourceTree = "<group>"; };
		F0E4CAB8C8AC17F506F80A61 /* Search */ = {isa = PBXGroup; children = (FBC09C2A682A495B890EF579, 1BCD9A95347EF4D4F3628936); path = Search; sourceTree = "<group>"; };
		977C419DB8642D291A557D13 /* Attributes */ = {isa = PBXGroup; children = (54677B8AA4365C29EB75688C); path = Attributes; sourceTree = "<group>"; };
		EFB6F8C1D17466A1013627BA /* Components */ = {isa = PBXGroup; children = (EE313A397EB7BB398D0CEC4C, 62547DAB4490351C21F8BAD4, A86CBA304D3698A8321E846C); path = Components; sourceTree = "<group>"; };
		29BB0A362CA2B130CE01B726 /* Detail */ = {isa = PBXGroup; children = (24B7E9A72DF6EF2B1584D44B); path = Detail; sourceTree = "<group>"; };
		087DAD2EFC56B52F8C546649 /* Map */ = {isa = PBXGroup; children = (1EB708BA0F5832F09B36B263, 98C7269B4C974ABBC254846C); path = Map; sourceTree = "<group>"; };
		0C43B5F3FB1953D44F18962C /* List */ = {isa = PBXGroup; children = (870FCECE02480F2C7170523E); path = List; sourceTree = "<group>"; };
		2EB67294F546B70F403E93B1 /* Services */ = {isa = PBXGroup; children = (D5A772FE8CAD711F516EF9E9, 99AA229EBEF8C90C97E1D955, 1C310DB000D958FB0FC5AB77, 2513051550F17438840788BF, 241167F833CECF495D7B7B0E, 3F060F721668ADFCF7F94923, 2E0F872250A287A0BF296F90, B3A1670593C0BB20C9A7DD6D, 9B391B9D273F4387BABC3606); path = Services; sourceTree = "<group>"; };
		5FC738F77A8ED8563501C280 /* Resources */ = {isa = PBXGroup; children = (BEC6BDCEB4B70BB9DBED3E72, 4C5D78AB2C561F8AA7638572, FF322C1CDC4CFDDE94FCFA37); path = Resources; sourceTree = "<group>"; };
		FF322C1CDC4CFDDE94FCFA37 /* Fonts */ = {isa = PBXGroup; children = (473A8FB7803036D78B90995E, 12C44C55B4B8FFCCC030748F, C41942C1FB036831D194F186, 523491C5D7816A0E0318C8B3, AE2D576F908210B2FBE13618, 1F15978F3B120D4D2E2E964D, B940B3C0967114B9487B99D8, 8B09195CE438D507B61BD804, 420E4C9D20FE85D7544EB264, 981A86189EB189E96017D845); path = Fonts; sourceTree = "<group>"; };
		9B0C46A6B42C50EF132B8E39 /* TTF */ = {isa = PBXNativeTarget; buildConfigurationList = 3B1EDD9D03C019EBE851CD30; buildPhases = (8078D3701C818CC1AC44DBF9 /* Sources */, A716A23E6DA71460039A3342 /* Frameworks */, 8ABB97670095C9FF33E4BF69 /* Resources */); buildRules = (); dependencies = (); name = TTF; packageProductDependencies = (6DF7C545B1D6AB4532CDED11 /* FirebaseAuth */, C27C93314CB6F80904172F80 /* FirebaseAppCheck */); productName = TTF; productReference = D09155B5ABEAB0B527416FD7; productType = "com.apple.product-type.application"; };
		38D606CD3ADA17CC29A22ADA /* Project object */ = {isa = PBXProject; attributes = {BuildIndependentTargetsInParallel = 1; LastUpgradeCheck = 1500; TargetAttributes = {9B0C46A6B42C50EF132B8E39 = {CreatedOnToolsVersion = 15.0;};};}; buildConfigurationList = FE3A09DB03B0D458952EAE65; compatibilityVersion = "Xcode 14.0"; developmentRegion = en; hasScannedForEncodings = 0; knownRegions = (en, Base); mainGroup = ECDD587ADD12EB8B04A1CFD7; packageReferences = (645B80CBE8CA8B21E419D0D7 /* XCRemoteSwiftPackageReference "firebase-ios-sdk" */); productRefGroup = 4E4FCAA6923E3320F9BFE666; projectDirPath = ""; projectRoot = ""; targets = (9B0C46A6B42C50EF132B8E39); };
		8ABB97670095C9FF33E4BF69 /* Resources */ = {isa = PBXResourcesBuildPhase; buildActionMask = 2147483647; files = (F091A27DC53DE96D0A056901, 22C82B87D430D6DF968D5A6D, FB823102CCED10EA0C60B19F, 5B41453164CA0E5BB6B1CB76, 99A325DFBF5E6178A4434AEA, 185EDAE976C95339AD98398A, BB9AAB94696FED5ABFD7FC90, 3D669F36986F326BD7E78D39, 773A68F393FCCE60C84F96E1, 37CCF1A251CFA0F20E2ACD7C, 5BD9A4A8C1F5DCD93B7AB319, 8C05488B00B02BF0C736010F); runOnlyForDeploymentPostprocessing = 0; };
		8078D3701C818CC1AC44DBF9 /* Sources */ = {isa = PBXSourcesBuildPhase; buildActionMask = 2147483647; files = (DB5752FA75C64D9427DF3894, FA65646C71215EA39E42D131, CA0F4DA40098C3115C28DB37, D9CF6357AFE3F0086FF3E408, 3C3A976901988CDE74CA7F25, 906DCDCE3070C4ED9A0C705D, 9687884CD8868ECCBD3E2966, CF4AD12E764A7861AD000B23, A5434B8EF088F41DB0456996, 119873AF3D46C853B21CB494, CFC003FDE41E689C36FAA98C, 1FD55C2D98323547A329E4DB, 2FB72D91AA11D064D07EC84C, 38E0C058F01D396DD654D086, 858CCC038DAE8788F35E5AE1, 2D98A1379C6102CF57D33DE6, FCAD01DB9E5D17A4999C2198, D1A4E751F46A76ACBE7B88B6, E345245F8C00133DA0738485, CEFED59A0AFB315E7EBF0AE7, 5DFC5BCCABF5663672947E69, 65468E3A89981D069C55DE3C, EAD65C8BBD4073F39C7FA696, 5BB0E655AE3B95E5B61F356D, 3B0CB31F1CD7A914BC949101, 6CD42459CB404965D606A02D, 10618915F82C15AEC7FCE814, CC74EFA72DDE816F13F35B12, 99C6401125F42D5FE2A04803, 9ED8E6D879D375364DA69107, 1BF4EF35F8ED5A5874B55E18, 513976699C9910E5C686C56C, 085C265B9623B3CE88024CC5, D31A00E9B2845FCCBC1B8038, 6666CF666AFF0479E08AF3F5, 6A0765CA2085323560C289E2, 1EED81A9C55BA4608002E38E, 720A7D1A66AE6B418D98F0FF, 791F45995E0BDEABD444E6EA, FE921ABCABCA2A094C493E9A, 3C29940406F8E33F748DD78F, 1D1EF39BB5D48606E1A9FE6D, B05AF2342A6267E2B14656AB, 5C04AE55C1D07E90134A26CF, C0352549091464EDE8D393B9, 7BC8456FCB788057B8B9B94E); runOnlyForDeploymentPostprocessing = 0; };
		2F9B1E4AD8D0A4D33D4ADE9E /* Debug */ = {isa = XCBuildConfiguration; baseConfigurationReference = 02116AC33212C746330A8972; buildSettings = {ALWAYS_SEARCH_USER_PATHS = NO; CLANG_ENABLE_MODULES = YES; COPY_PHASE_STRIP = NO; DEBUG_INFORMATION_FORMAT = dwarf; ENABLE_STRICT_OBJC_MSGSEND = YES; GCC_DYNAMIC_NO_PIC = NO; IPHONEOS_DEPLOYMENT_TARGET = 17.0; MTL_ENABLE_DEBUG_INFO = YES; ONLY_ACTIVE_ARCH = YES; SDKROOT = iphoneos; SWIFT_ACTIVE_COMPILATION_CONDITIONS = DEBUG; SWIFT_OPTIMIZATION_LEVEL = "-Onone"; SWIFT_VERSION = 5.10;}; name = Debug; };
		AD1F208C3CF4F46741174AAD /* Release */ = {isa = XCBuildConfiguration; baseConfigurationReference = 8299CB005255AF974F8F5964; buildSettings = {ALWAYS_SEARCH_USER_PATHS = NO; CLANG_ENABLE_MODULES = YES; COPY_PHASE_STRIP = NO; DEBUG_INFORMATION_FORMAT = "dwarf-with-dsym"; ENABLE_STRICT_OBJC_MSGSEND = YES; GCC_DYNAMIC_NO_PIC = NO; IPHONEOS_DEPLOYMENT_TARGET = 17.0; MTL_ENABLE_DEBUG_INFO = NO; ONLY_ACTIVE_ARCH = NO; SDKROOT = iphoneos; SWIFT_OPTIMIZATION_LEVEL = "-O"; SWIFT_VERSION = 5.10;}; name = Release; };
		D699FC285D422E58C4BC1E60 /* Debug */ = {isa = XCBuildConfiguration; baseConfigurationReference = 02116AC33212C746330A8972; buildSettings = {ASSETCATALOG_COMPILER_APPICON_NAME = AppIcon; ASSETCATALOG_COMPILER_GLOBAL_ACCENT_COLOR_NAME = AccentColor; CODE_SIGN_ENTITLEMENTS = TTF/TTF.entitlements; CODE_SIGN_STYLE = Automatic; CURRENT_PROJECT_VERSION = 1; DEVELOPMENT_TEAM = ""; ENABLE_USER_SCRIPT_SANDBOXING = YES; GENERATE_INFOPLIST_FILE = NO; INFOPLIST_FILE = TTF/Resources/Info.plist; INFOPLIST_KEY_CFBundleDisplayName = "Little Scout"; INFOPLIST_KEY_NSLocationWhenInUseUsageDescription = "Little Scout uses your location to show nearby restaurants in the pilot area."; INFOPLIST_KEY_UILaunchScreen_Generation = YES; LD_RUNPATH_SEARCH_PATHS = ("$(inherited)", "@executable_path/Frameworks"); MARKETING_VERSION = 0.1.0; PRODUCT_BUNDLE_IDENTIFIER = com.samueljoeharris.ttf; PRODUCT_NAME = "Little Scout"; SWIFT_EMIT_LOC_STRINGS = YES; SWIFT_VERSION = 5.10; TARGETED_DEVICE_FAMILY = 1;}; name = Debug; };
		433B89F3115F5E1D341D8829 /* Release */ = {isa = XCBuildConfiguration; baseConfigurationReference = 8299CB005255AF974F8F5964; buildSettings = {ASSETCATALOG_COMPILER_APPICON_NAME = AppIcon; ASSETCATALOG_COMPILER_GLOBAL_ACCENT_COLOR_NAME = AccentColor; CODE_SIGN_ENTITLEMENTS = TTF/TTF.entitlements; CODE_SIGN_STYLE = Automatic; CURRENT_PROJECT_VERSION = 1; DEVELOPMENT_TEAM = ""; ENABLE_USER_SCRIPT_SANDBOXING = YES; GENERATE_INFOPLIST_FILE = NO; INFOPLIST_FILE = TTF/Resources/Info.plist; INFOPLIST_KEY_CFBundleDisplayName = "Little Scout"; INFOPLIST_KEY_NSLocationWhenInUseUsageDescription = "Little Scout uses your location to show nearby restaurants in the pilot area."; INFOPLIST_KEY_UILaunchScreen_Generation = YES; LD_RUNPATH_SEARCH_PATHS = ("$(inherited)", "@executable_path/Frameworks"); MARKETING_VERSION = 0.1.0; PRODUCT_BUNDLE_IDENTIFIER = com.samueljoeharris.ttf; PRODUCT_NAME = "Little Scout"; SWIFT_EMIT_LOC_STRINGS = YES; SWIFT_VERSION = 5.10; TARGETED_DEVICE_FAMILY = 1;}; name = Release; };
		FE3A09DB03B0D458952EAE65 = {isa = XCConfigurationList; buildConfigurations = (2F9B1E4AD8D0A4D33D4ADE9E, AD1F208C3CF4F46741174AAD); defaultConfigurationIsVisible = 0; defaultConfigurationName = Release; };
		3B1EDD9D03C019EBE851CD30 = {isa = XCConfigurationList; buildConfigurations = (D699FC285D422E58C4BC1E60, 433B89F3115F5E1D341D8829); defaultConfigurationIsVisible = 0; defaultConfigurationName = Release; };
		645B80CBE8CA8B21E419D0D7 /* XCRemoteSwiftPackageReference "firebase-ios-sdk" */ = {isa = XCRemoteSwiftPackageReference; repositoryURL = "https://github.com/firebase/firebase-ios-sdk"; requirement = {kind = exactVersion; version = "11.4.0";}; };
		6DF7C545B1D6AB4532CDED11 /* FirebaseAuth */ = {isa = XCSwiftPackageProductDependency; package = 645B80CBE8CA8B21E419D0D7 /* XCRemoteSwiftPackageReference "firebase-ios-sdk" */; productName = FirebaseAuth; };
		C27C93314CB6F80904172F80 /* FirebaseAppCheck */ = {isa = XCSwiftPackageProductDependency; package = 645B80CBE8CA8B21E419D0D7 /* XCRemoteSwiftPackageReference "firebase-ios-sdk" */; productName = FirebaseAppCheck; };
	};
	rootObject = 38D606CD3ADA17CC29A22ADA /* Project object */;
}
