// !$*UTF8*$!
{
	archiveVersion = 1;
	classes = {};
	objectVersion = 56;
	objects = {
		906DCDCE3070C4ED9A0C705D /* AppConfig.swift in Sources */ = {isa = PBXBuildFile; fileRef = 1F80F931D79AC23D985D75ED /* AppConfig.swift */; };
		9687884CD8868ECCBD3E2966 /* TTFApp.swift in Sources */ = {isa = PBXBuildFile; fileRef = C65A93674672B5B00A70022C /* TTFApp.swift */; };
		CF4AD12E764A7861AD000B23 /* Metric.swift in Sources */ = {isa = PBXBuildFile; fileRef = 3BC51015BA7AE8A4DA22AD8F /* Metric.swift */; };
		119873AF3D46C853B21CB494 /* Restaurant.swift in Sources */ = {isa = PBXBuildFile; fileRef = 5993FA133F1DFF894CB949AF /* Restaurant.swift */; };
		CFC003FDE41E689C36FAA98C /* Ttf.swift in Sources */ = {isa = PBXBuildFile; fileRef = 56DD7210670C2460A2BE93E0 /* Ttf.swift */; };
		1FD55C2D98323547A329E4DB /* UserProfile.swift in Sources */ = {isa = PBXBuildFile; fileRef = 5427D8C35B3336491B3AD33A /* UserProfile.swift */; };
		DB5752FA75C64D9427DF3894 /* AuthViewModel.swift in Sources */ = {isa = PBXBuildFile; fileRef = FB27B185C46246C1698586B4 /* AuthViewModel.swift */; };
		CA0F4DA40098C3115C28DB37 /* RateAttributesViewModel.swift in Sources */ = {isa = PBXBuildFile; fileRef = 26103E140F541B4367117ED3 /* RateAttributesViewModel.swift */; };
		D9CF6357AFE3F0086FF3E408 /* RestaurantDetailViewModel.swift in Sources */ = {isa = PBXBuildFile; fileRef = F6448DEBA077DF64460132A8 /* RestaurantDetailViewModel.swift */; };
		3C3A976901988CDE74CA7F25 /* TtfSubmitViewModel.swift in Sources */ = {isa = PBXBuildFile; fileRef = C639999A4E786241197FC78F /* TtfSubmitViewModel.swift */; };
		C0FFEE0000000000C0FFEE01 /* CoverageModel.swift in Sources */ = {isa = PBXBuildFile; fileRef = C0FFEE0000000000C0FFEE02 /* CoverageModel.swift */; };
		858CCC038DAE8788F35E5AE1 /* JSONCoding.swift in Sources */ = {isa = PBXBuildFile; fileRef = DE053B29C9F34F215166EF76 /* JSONCoding.swift */; };
		E345245F8C00133DA0738485 /* TtfTier.swift in Sources */ = {isa = PBXBuildFile; fileRef = B62BB7930CDF63E66467EC03 /* TtfTier.swift */; };
		720A7D1A66AE6B418D98F0FF /* APIClient.swift in Sources */ = {isa = PBXBuildFile; fileRef = D5A772FE8CAD711F516EF9E9 /* APIClient.swift */; };
		791F45995E0BDEABD444E6EA /* APIError.swift in Sources */ = {isa = PBXBuildFile; fileRef = 99AA229EBEF8C90C97E1D955 /* APIError.swift */; };
		B05AF2342A6267E2B14656AB /* AuthService.swift in Sources */ = {isa = PBXBuildFile; fileRef = 3F060F721668ADFCF7F94923 /* AuthService.swift */; };
		7BC8456FCB788057B8B9B94E /* RestaurantStore.swift in Sources */ = {isa = PBXBuildFile; fileRef = 9B391B9D273F4387BABC3606 /* RestaurantStore.swift */; };
		5DFC5BCCABF5663672947E69 /* RootTabView.swift in Sources */ = {isa = PBXBuildFile; fileRef = 3B87C2BE1F8E5902DD3BC5CA /* RootTabView.swift */; };
		3B0CB31F1CD7A914BC949101 /* AccountView.swift in Sources */ = {isa = PBXBuildFile; fileRef = AA1045BD1AC5F7DA061832F4 /* AccountView.swift */; };
		10618915F82C15AEC7FCE814 /* SignInView.swift in Sources */ = {isa = PBXBuildFile; fileRef = 7557DFB62473E8D616577761 /* SignInView.swift */; };
		5BB0E655AE3B95E5B61F356D /* TtfSubmitView.swift in Sources */ = {isa = PBXBuildFile; fileRef = F1032752E20E2A2242A014F0 /* TtfSubmitView.swift */; };
		D31A00E9B2845FCCBC1B8038 /* RestaurantDetailView.swift in Sources */ = {isa = PBXBuildFile; fileRef = 24B7E9A72DF6EF2B1584D44B /* RestaurantDetailView.swift */; };
		9ED8E6D879D375364DA69107 /* RateAttributesView.swift in Sources */ = {isa = PBXBuildFile; fileRef = 54677B8AA4365C29EB75688C /* RateAttributesView.swift */; };
		1EED81A9C55BA4608002E38E /* RestaurantListView.swift in Sources */ = {isa = PBXBuildFile; fileRef = 870FCECE02480F2C7170523E /* RestaurantListView.swift */; };
		6A0765CA2085323560C289E2 /* RestaurantMapView.swift in Sources */ = {isa = PBXBuildFile; fileRef = 98C7269B4C974ABBC254846C /* RestaurantMapView.swift */; };
		F091A27DC53DE96D0A056901 /* Assets.xcassets in Sources */ = {isa = PBXBuildFile; fileRef = BEC6BDCEB4B70BB9DBED3E72 /* Assets.xcassets */; };
		A1B2C3D4E5F6A7B8C9D0E1F3 /* PlaceSuggestion.swift in Sources */ = {isa = PBXBuildFile; fileRef = A1B2C3D4E5F6A7B8C9D0E1F2 /* PlaceSuggestion.swift */; };
		C3D4E5F6A7B8C9D0E1F2A3B5 /* PlaceSearchViewModel.swift in Sources */ = {isa = PBXBuildFile; fileRef = C3D4E5F6A7B8C9D0E1F2A3B4 /* PlaceSearchViewModel.swift */; };
		D4E5F6A7B8C9D0E1F2A3B4C6 /* PlaceSearchSuggestionsView.swift in Sources */ = {isa = PBXBuildFile; fileRef = D4E5F6A7B8C9D0E1F2A3B4C5 /* PlaceSearchSuggestionsView.swift */; };
		1F80F931D79AC23D985D75ED /* AppConfig.swift */ = {isa = PBXFileReference; lastKnownFileType = sourcecode.swift; path = AppConfig.swift; sourceTree = "<group>"; };
		C65A93674672B5B00A70022C /* TTFApp.swift */ = {isa = PBXFileReference; lastKnownFileType = sourcecode.swift; path = TTFApp.swift; sourceTree = "<group>"; };
		3BC51015BA7AE8A4DA22AD8F /* Metric.swift */ = {isa = PBXFileReference; lastKnownFileType = sourcecode.swift; path = Metric.swift; sourceTree = "<group>"; };
		5993FA133F1DFF894CB949AF /* Restaurant.swift */ = {isa = PBXFileReference; lastKnownFileType = sourcecode.swift; path = Restaurant.swift; sourceTree = "<group>"; };
		56DD7210670C2460A2BE93E0 /* Ttf.swift */ = {isa = PBXFileReference; lastKnownFileType = sourcecode.swift; path = Ttf.swift; sourceTree = "<group>"; };
		5427D8C35B3336491B3AD33A /* UserProfile.swift */ = {isa = PBXFileReference; lastKnownFileType = sourcecode.swift; path = UserProfile.swift; sourceTree = "<group>"; };
		FB27B185C46246C1698586B4 /* AuthViewModel.swift */ = {isa = PBXFileReference; lastKnownFileType = sourcecode.swift; path = AuthViewModel.swift; sourceTree = "<group>"; };
		26103E140F541B4367117ED3 /* RateAttributesViewModel.swift */ = {isa = PBXFileReference; lastKnownFileType = sourcecode.swift; path = RateAttributesViewModel.swift; sourceTree = "<group>"; };
		F6448DEBA077DF64460132A8 /* RestaurantDetailViewModel.swift */ = {isa = PBXFileReference; lastKnownFileType = sourcecode.swift; path = RestaurantDetailViewModel.swift; sourceTree = "<group>"; };
		C639999A4E786241197FC78F /* TtfSubmitViewModel.swift */ = {isa = PBXFileReference; lastKnownFileType = sourcecode.swift; path = TtfSubmitViewModel.swift; sourceTree = "<group>"; };
		C0FFEE0000000000C0FFEE02 /* CoverageModel.swift */ = {isa = PBXFileReference; lastKnownFileType = sourcecode.swift; path = CoverageModel.swift; sourceTree = "<group>"; };
		DE053B29C9F34F215166EF76 /* JSONCoding.swift */ = {isa = PBXFileReference; lastKnownFileType = sourcecode.swift; path = JSONCoding.swift; sourceTree = "<group>"; };
		B62BB7930CDF63E66467EC03 /* TtfTier.swift */ = {isa = PBXFileReference; lastKnownFileType = sourcecode.swift; path = TtfTier.swift; sourceTree = "<group>"; };
		D5A772FE8CAD711F516EF9E9 /* APIClient.swift */ = {isa = PBXFileReference; lastKnownFileType = sourcecode.swift; path = APIClient.swift; sourceTree = "<group>"; };
		99AA229EBEF8C90C97E1D955 /* APIError.swift */ = {isa = PBXFileReference; lastKnownFileType = sourcecode.swift; path = APIError.swift; sourceTree = "<group>"; };
		3F060F721668ADFCF7F94923 /* AuthService.swift */ = {isa = PBXFileReference; lastKnownFileType = sourcecode.swift; path = AuthService.swift; sourceTree = "<group>"; };
		9B391B9D273F4387BABC3606 /* RestaurantStore.swift */ = {isa = PBXFileReference; lastKnownFileType = sourcecode.swift; path = RestaurantStore.swift; sourceTree = "<group>"; };
		3B87C2BE1F8E5902DD3BC5CA /* RootTabView.swift */ = {isa = PBXFileReference; lastKnownFileType = sourcecode.swift; path = RootTabView.swift; sourceTree = "<group>"; };
		AA1045BD1AC5F7DA061832F4 /* AccountView.swift */ = {isa = PBXFileReference; lastKnownFileType = sourcecode.swift; path = AccountView.swift; sourceTree = "<group>"; };
		7557DFB62473E8D616577761 /* SignInView.swift */ = {isa = PBXFileReference; lastKnownFileType = sourcecode.swift; path = SignInView.swift; sourceTree = "<group>"; };
		F1032752E20E2A2242A014F0 /* TtfSubmitView.swift */ = {isa = PBXFileReference; lastKnownFileType = sourcecode.swift; path = TtfSubmitView.swift; sourceTree = "<group>"; };
		24B7E9A72DF6EF2B1584D44B /* RestaurantDetailView.swift */ = {isa = PBXFileReference; lastKnownFileType = sourcecode.swift; path = RestaurantDetailView.swift; sourceTree = "<group>"; };
		54677B8AA4365C29EB75688C /* RateAttributesView.swift */ = {isa = PBXFileReference; lastKnownFileType = sourcecode.swift; path = RateAttributesView.swift; sourceTree = "<group>"; };
		870FCECE02480F2C7170523E /* RestaurantListView.swift */ = {isa = PBXFileReference; lastKnownFileType = sourcecode.swift; path = RestaurantListView.swift; sourceTree = "<group>"; };
		98C7269B4C974ABBC254846C /* RestaurantMapView.swift */ = {isa = PBXFileReference; lastKnownFileType = sourcecode.swift; path = RestaurantMapView.swift; sourceTree = "<group>"; };
		BEC6BDCEB4B70BB9DBED3E72 /* Assets.xcassets */ = {isa = PBXFileReference; lastKnownFileType = folder.assetcatalog; path = Assets.xcassets; sourceTree = "<group>"; };
		A1B2C3D4E5F6A7B8C9D0E1F2 /* PlaceSuggestion.swift */ = {isa = PBXFileReference; lastKnownFileType = sourcecode.swift; path = PlaceSuggestion.swift; sourceTree = "<group>"; };
		C3D4E5F6A7B8C9D0E1F2A3B4 /* PlaceSearchViewModel.swift */ = {isa = PBXFileReference; lastKnownFileType = sourcecode.swift; path = PlaceSearchViewModel.swift; sourceTree = "<group>"; };
		D4E5F6A7B8C9D0E1F2A3B4C5 /* PlaceSearchSuggestionsView.swift */ = {isa = PBXFileReference; lastKnownFileType = sourcecode.swift; path = PlaceSearchSuggestionsView.swift; sourceTree = "<group>"; };
		02116AC33212C746330A8972 /* Debug.xcconfig */ = {isa = PBXFileReference; lastKnownFileType = text.xcconfig; path = Debug.xcconfig; sourceTree = "<group>"; };
		8299CB005255AF974F8F5964 /* Release.xcconfig */ = {isa = PBXFileReference; lastKnownFileType = text.xcconfig; path = Release.xcconfig; sourceTree = "<group>"; };
		D09155B5ABEAB0B527416FD7 /* Little Scout.app */ = {isa = PBXFileReference; explicitFileType = wrapper.application; includeInIndex = 0; path = "Little Scout.app"; sourceTree = BUILT_PRODUCTS_DIR; };
		A716A23E6DA71460039A3342 /* Frameworks */ = {isa = PBXFrameworksBuildPhase; buildActionMask = 2147483647; files = (); runOnlyForDeploymentPostprocessing = 0; };
		ECDD587ADD12EB8B04A1CFD7 = {isa = PBXGroup; children = (B34C265E7B6B78438DB750C2, 4330FA535362AA3FA4C1F917, 4E4FCAA6923E3320F9BFE666); sourceTree = "<group>"; };
		4E4FCAA6923E3320F9BFE666 /* Products */ = {isa = PBXGroup; children = (D09155B5ABEAB0B527416FD7); sourceTree = "<group>"; };
		4330FA535362AA3FA4C1F917 /* Config */ = {isa = PBXGroup; children = (02116AC33212C746330A8972, 8299CB005255AF974F8F5964); path = Config; sourceTree = "<group>"; };
		B34C265E7B6B78438DB750C2 /* TTF */ = {isa = PBXGroup; children = (63178743D32E33630C5C6DCD, CB5AAFF94EDE119BFCCDCE3F, 9EE60697373D3045A11D67D5, 310ED82C148FC8E0784E3E67, 2EB67294F546B70F403E93B1, DB44DBA47604EA393F5B4E0A, 5FC738F77A8ED8563501C280); path = TTF; sourceTree = "<group>"; };
		63178743D32E33630C5C6DCD /* App */ = {isa = PBXGroup; children = (1F80F931D79AC23D985D75ED, C65A93674672B5B00A70022C); path = App; sourceTree = "<group>"; };
		CB5AAFF94EDE119BFCCDCE3F /* Models */ = {isa = PBXGroup; children = (3BC51015BA7AE8A4DA22AD8F, 5993FA133F1DFF894CB949AF, 56DD7210670C2460A2BE93E0, 5427D8C35B3336491B3AD33A, A1B2C3D4E5F6A7B8C9D0E1F2); path = Models; sourceTree = "<group>"; };
		9EE60697373D3045A11D67D5 /* ViewModels */ = {isa = PBXGroup; children = (FB27B185C46246C1698586B4, 26103E140F541B4367117ED3, F6448DEBA077DF64460132A8, C639999A4E786241197FC78F, C3D4E5F6A7B8C9D0E1F2A3B4); path = ViewModels; sourceTree = "<group>"; };
		310ED82C148FC8E0784E3E67 /* Utilities */ = {isa = PBXGroup; children = (DE053B29C9F34F215166EF76, B62BB7930CDF63E66467EC03); path = Utilities; sourceTree = "<group>"; };
		2EB67294F546B70F403E93B1 /* Services */ = {isa = PBXGroup; children = (D5A772FE8CAD711F516EF9E9, 99AA229EBEF8C90C97E1D955, 3F060F721668ADFCF7F94923, 9B391B9D273F4387BABC3606, C0FFEE0000000000C0FFEE02); path = Services; sourceTree = "<group>"; };
		DB44DBA47604EA393F5B4E0A /* Views */ = {isa = PBXGroup; children = (3B87C2BE1F8E5902DD3BC5CA, 41154F3732DE30E814816752, 81C867FCD900AF279CB1318F, 29BB0A362CA2B130CE01B726, 977C419DB8642D291A557D13, 0C43B5F3FB1953D44F18962C, 087DAD2EFC56B52F8C546649, E5F6A7B8C9D0E1F2A3B4C5D6); path = Views; sourceTree = "<group>"; };
		E5F6A7B8C9D0E1F2A3B4C5D6 /* Search */ = {isa = PBXGroup; children = (D4E5F6A7B8C9D0E1F2A3B4C5); path = Search; sourceTree = "<group>"; };
		41154F3732DE30E814816752 /* Auth */ = {isa = PBXGroup; children = (AA1045BD1AC5F7DA061832F4, 7557DFB62473E8D616577761); path = Auth; sourceTree = "<group>"; };
		81C867FCD900AF279CB1318F /* TtfSubmit */ = {isa = PBXGroup; children = (F1032752E20E2A2242A014F0); path = TtfSubmit; sourceTree = "<group>"; };
		29BB0A362CA2B130CE01B726 /* Detail */ = {isa = PBXGroup; children = (24B7E9A72DF6EF2B1584D44B); path = Detail; sourceTree = "<group>"; };
		977C419DB8642D291A557D13 /* Attributes */ = {isa = PBXGroup; children = (54677B8AA4365C29EB75688C); path = Attributes; sourceTree = "<group>"; };
		0C43B5F3FB1953D44F18962C /* List */ = {isa = PBXGroup; children = (870FCECE02480F2C7170523E); path = List; sourceTree = "<group>"; };
		087DAD2EFC56B52F8C546649 /* Map */ = {isa = PBXGroup; children = (98C7269B4C974ABBC254846C); path = Map; sourceTree = "<group>"; };
		5FC738F77A8ED8563501C280 /* Resources */ = {isa = PBXGroup; children = (BEC6BDCEB4B70BB9DBED3E72); path = Resources; sourceTree = "<group>"; };
		9B0C46A6B42C50EF132B8E39 /* TTF */ = {isa = PBXNativeTarget; buildConfigurationList = 3B1EDD9D03C019EBE851CD30; buildPhases = (8078D3701C818CC1AC44DBF9 /* Sources */, A716A23E6DA71460039A3342 /* Frameworks */, 8ABB97670095C9FF33E4BF69 /* Resources */); buildRules = (); dependencies = (); name = TTF; productName = TTF; productReference = D09155B5ABEAB0B527416FD7; productType = "com.apple.product-type.application"; };
		38D606CD3ADA17CC29A22ADA /* Project object */ = {isa = PBXProject; attributes = {BuildIndependentTargetsInParallel = 1; LastUpgradeCheck = 1500; TargetAttributes = {9B0C46A6B42C50EF132B8E39 = {CreatedOnToolsVersion = 15.0;};};}; buildConfigurationList = FE3A09DB03B0D458952EAE65; compatibilityVersion = "Xcode 14.0"; developmentRegion = en; hasScannedForEncodings = 0; knownRegions = (en, Base); mainGroup = ECDD587ADD12EB8B04A1CFD7; productRefGroup = 4E4FCAA6923E3320F9BFE666; projectDirPath = ""; projectRoot = ""; targets = (9B0C46A6B42C50EF132B8E39); };
		8ABB97670095C9FF33E4BF69 /* Resources */ = {isa = PBXResourcesBuildPhase; buildActionMask = 2147483647; files = (F091A27DC53DE96D0A056901); runOnlyForDeploymentPostprocessing = 0; };
		8078D3701C818CC1AC44DBF9 /* Sources */ = {isa = PBXSourcesBuildPhase; buildActionMask = 2147483647; files = (906DCDCE3070C4ED9A0C705D, 9687884CD8868ECCBD3E2966, CF4AD12E764A7861AD000B23, 119873AF3D46C853B21CB494, CFC003FDE41E689C36FAA98C, 1FD55C2D98323547A329E4DB, DB5752FA75C64D9427DF3894, CA0F4DA40098C3115C28DB37, D9CF6357AFE3F0086FF3E408, 3C3A976901988CDE74CA7F25, 858CCC038DAE8788F35E5AE1, E345245F8C00133DA0738485, 720A7D1A66AE6B418D98F0FF, 791F45995E0BDEABD444E6EA, B05AF2342A6267E2B14656AB, 7BC8456FCB788057B8B9B94E, C0FFEE0000000000C0FFEE01, 5DFC5BCCABF5663672947E69, 3B0CB31F1CD7A914BC949101, 10618915F82C15AEC7FCE814, 5BB0E655AE3B95E5B61F356D, D31A00E9B2845FCCBC1B8038, 9ED8E6D879D375364DA69107, 1EED81A9C55BA4608002E38E, 6A0765CA2085323560C289E2, A1B2C3D4E5F6A7B8C9D0E1F3, C3D4E5F6A7B8C9D0E1F2A3B5, D4E5F6A7B8C9D0E1F2A3B4C6); runOnlyForDeploymentPostprocessing = 0; };
		2F9B1E4AD8D0A4D33D4ADE9E /* Debug */ = {isa = XCBuildConfiguration; baseConfigurationReference = 02116AC33212C746330A8972; buildSettings = {ALWAYS_SEARCH_USER_PATHS = NO; CLANG_ENABLE_MODULES = YES; COPY_PHASE_STRIP = NO; DEBUG_INFORMATION_FORMAT = dwarf; ENABLE_STRICT_OBJC_MSGSEND = YES; GCC_DYNAMIC_NO_PIC = NO; IPHONEOS_DEPLOYMENT_TARGET = 17.0; MTL_ENABLE_DEBUG_INFO = YES; ONLY_ACTIVE_ARCH = YES; SDKROOT = iphoneos; SWIFT_ACTIVE_COMPILATION_CONDITIONS = DEBUG; SWIFT_OPTIMIZATION_LEVEL = "-Onone"; SWIFT_VERSION = 5.10;}; name = Debug; };
		AD1F208C3CF4F46741174AAD /* Release */ = {isa = XCBuildConfiguration; baseConfigurationReference = 8299CB005255AF974F8F5964; buildSettings = {ALWAYS_SEARCH_USER_PATHS = NO; CLANG_ENABLE_MODULES = YES; COPY_PHASE_STRIP = NO; DEBUG_INFORMATION_FORMAT = "dwarf-with-dsym"; ENABLE_STRICT_OBJC_MSGSEND = YES; GCC_DYNAMIC_NO_PIC = NO; IPHONEOS_DEPLOYMENT_TARGET = 17.0; MTL_ENABLE_DEBUG_INFO = NO; ONLY_ACTIVE_ARCH = NO; SDKROOT = iphoneos; SWIFT_OPTIMIZATION_LEVEL = "-O"; SWIFT_VERSION = 5.10;}; name = Release; };
		D699FC285D422E58C4BC1E60 /* Debug */ = {isa = XCBuildConfiguration; baseConfigurationReference = 02116AC33212C746330A8972; buildSettings = {ASSETCATALOG_COMPILER_APPICON_NAME = AppIcon; ASSETCATALOG_COMPILER_GLOBAL_ACCENT_COLOR_NAME = AccentColor; CODE_SIGN_STYLE = Automatic; CURRENT_PROJECT_VERSION = 1; DEVELOPMENT_TEAM = ""; ENABLE_USER_SCRIPT_SANDBOXING = YES; GENERATE_INFOPLIST_FILE = NO; INFOPLIST_FILE = TTF/Resources/Info.plist; INFOPLIST_KEY_CFBundleDisplayName = "Little Scout"; INFOPLIST_KEY_NSLocationWhenInUseUsageDescription = "Little Scout uses your location to show nearby restaurants in the pilot area."; INFOPLIST_KEY_UILaunchScreen_Generation = YES; LD_RUNPATH_SEARCH_PATHS = ("$(inherited)", "@executable_path/Frameworks"); MARKETING_VERSION = 0.1.0; PRODUCT_BUNDLE_IDENTIFIER = com.samueljoeharris.ttf; PRODUCT_NAME = "Little Scout"; SWIFT_EMIT_LOC_STRINGS = YES; SWIFT_VERSION = 5.10; TARGETED_DEVICE_FAMILY = 1;}; name = Debug; };
		433B89F3115F5E1D341D8829 /* Release */ = {isa = XCBuildConfiguration; baseConfigurationReference = 8299CB005255AF974F8F5964; buildSettings = {ASSETCATALOG_COMPILER_APPICON_NAME = AppIcon; ASSETCATALOG_COMPILER_GLOBAL_ACCENT_COLOR_NAME = AccentColor; CODE_SIGN_STYLE = Automatic; CURRENT_PROJECT_VERSION = 1; DEVELOPMENT_TEAM = ""; ENABLE_USER_SCRIPT_SANDBOXING = YES; GENERATE_INFOPLIST_FILE = NO; INFOPLIST_FILE = TTF/Resources/Info.plist; INFOPLIST_KEY_CFBundleDisplayName = "Little Scout"; INFOPLIST_KEY_NSLocationWhenInUseUsageDescription = "Little Scout uses your location to show nearby restaurants in the pilot area."; INFOPLIST_KEY_UILaunchScreen_Generation = YES; LD_RUNPATH_SEARCH_PATHS = ("$(inherited)", "@executable_path/Frameworks"); MARKETING_VERSION = 0.1.0; PRODUCT_BUNDLE_IDENTIFIER = com.samueljoeharris.ttf; PRODUCT_NAME = "Little Scout"; SWIFT_EMIT_LOC_STRINGS = YES; SWIFT_VERSION = 5.10; TARGETED_DEVICE_FAMILY = 1;}; name = Release; };
		FE3A09DB03B0D458952EAE65 = {isa = XCConfigurationList; buildConfigurations = (2F9B1E4AD8D0A4D33D4ADE9E, AD1F208C3CF4F46741174AAD); defaultConfigurationIsVisible = 0; defaultConfigurationName = Release; };
		3B1EDD9D03C019EBE851CD30 = {isa = XCConfigurationList; buildConfigurations = (D699FC285D422E58C4BC1E60, 433B89F3115F5E1D341D8829); defaultConfigurationIsVisible = 0; defaultConfigurationName = Release; };
	};
	rootObject = 38D606CD3ADA17CC29A22ADA /* Project object */;
}
